// !$*UTF8*$!
{
	archiveVersion = 1;
	classes = {
	};
	objectVersion = 46;
	objects = {

/* Begin PBXBuildFile section */
		DC01D1D91C4D5FC60003748E /* FWSlideMenu.framework in Frameworks */ = {isa = PBXBuildFile; fileRef = DC01D1D21C4D58930003748E /* FWSlideMenu.framework */; };
		DC01D1DA1C4D5FC60003748E /* FWSlideMenu.framework in Embed Frameworks */ = {isa = PBXBuildFile; fileRef = DC01D1D21C4D58930003748E /* FWSlideMenu.framework */; settings = {ATTRIBUTES = (CodeSignOnCopy, RemoveHeadersOnCopy, ); }; };
		DC01D1DC1C4D8EBB0003748E /* ChildViewController.swift in Sources */ = {isa = PBXBuildFile; fileRef = DC01D1DB1C4D8EBB0003748E /* ChildViewController.swift */; };
		DCF8E9291C4D12B40020F360 /* AppDelegate.swift in Sources */ = {isa = PBXBuildFile; fileRef = DCF8E9281C4D12B40020F360 /* AppDelegate.swift */; };
		DCF8E92B1C4D12B40020F360 /* ViewController.swift in Sources */ = {isa = PBXBuildFile; fileRef = DCF8E92A1C4D12B40020F360 /* ViewController.swift */; };
		DCF8E92E1C4D12B40020F360 /* Main.storyboard in Resources */ = {isa = PBXBuildFile; fileRef = DCF8E92C1C4D12B40020F360 /* Main.storyboard */; };
		DCF8E9301C4D12B40020F360 /* Assets.xcassets in Resources */ = {isa = PBXBuildFile; fileRef = DCF8E92F1C4D12B40020F360 /* Assets.xcassets */; };
		DCF8E9331C4D12B40020F360 /* LaunchScreen.storyboard in Resources */ = {isa = PBXBuildFile; fileRef = DCF8E9311C4D12B40020F360 /* LaunchScreen.storyboard */; };
/* End PBXBuildFile section */

/* Begin PBXCopyFilesBuildPhase section */
		DC01D1D81C4D5FC00003748E /* Embed Frameworks */ = {
			isa = PBXCopyFilesBuildPhase;
			buildActionMask = 2147483647;
			dstPath = "";
			dstSubfolderSpec = 10;
			files = (
				DC01D1DA1C4D5FC60003748E /* FWSlideMenu.framework in Embed Frameworks */,
			);
			name = "Embed Frameworks";
			runOnlyForDeploymentPostprocessing = 0;
		};
/* End PBXCopyFilesBuildPhase section */

/* Begin PBXFileReference section */
		DC01D1D21C4D58930003748E /* FWSlideMenu.framework */ = {isa = PBXFileReference; explicitFileType = wrapper.framework; name = FWSlideMenu.framework; path = "/Users/Felix/Library/Developer/Xcode/DerivedData/FWSlideMenu-gmrmdbrvftyxssduumgfcuquutkg/Build/Products/Debug-iphoneos/FWSlideMenu.framework"; sourceTree = "<absolute>"; };
		DC01D1DB1C4D8EBB0003748E /* ChildViewController.swift */ = {isa = PBXFileReference; fileEncoding = 4; lastKnownFileType = sourcecode.swift; path = ChildViewController.swift; sourceTree = "<group>"; };
		DCF8E9251C4D12B40020F360 /* FWSlideMenuDemoApp.app */ = {isa = PBXFileReference; explicitFileType = wrapper.application; includeInIndex = 0; path = FWSlideMenuDemoApp.app; sourceTree = BUILT_PRODUCTS_DIR; };
		DCF8E9281C4D12B40020F360 /* AppDelegate.swift */ = {isa = PBXFileReference; lastKnownFileType = sourcecode.swift; path = AppDelegate.swift; sourceTree = "<group>"; };
		DCF8E92A1C4D12B40020F360 /* ViewController.swift */ = {isa = PBXFileReference; lastKnownFileType = sourcecode.swift; path = ViewController.swift; sourceTree = "<group>"; };
		DCF8E92D1C4D12B40020F360 /* Base */ = {isa = PBXFileReference; lastKnownFileType = file.storyboard; name = Base; path = Base.lproj/Main.storyboard; sourceTree = "<group>"; };
		DCF8E92F1C4D12B40020F360 /* Assets.xcassets */ = {isa = PBXFileReference; lastKnownFileType = folder.assetcatalog; path = Assets.xcassets; sourceTree = "<group>"; };
		DCF8E9321C4D12B40020F360 /* Base */ = {isa = PBXFileReference; lastKnownFileType = file.storyboard; name = Base; path = Base.lproj/LaunchScreen.storyboard; sourceTree = "<group>"; };
		DCF8E9341C4D12B40020F360 /* Info.plist */ = {isa = PBXFileReference; lastKnownFileType = text.plist.xml; path = Info.plist; sourceTree = "<group>"; };
/* End PBXFileReference section */

/* Begin PBXFrameworksBuildPhase section */
		DCF8E9221C4D12B40020F360 /* Frameworks */ = {
			isa = PBXFrameworksBuildPhase;
			buildActionMask = 2147483647;
			files = (
				DC01D1D91C4D5FC60003748E /* FWSlideMenu.framework in Frameworks */,
			);
			runOnlyForDeploymentPostprocessing = 0;
		};
/* End PBXFrameworksBuildPhase section */

/* Begin PBXGroup section */
		DCF8E91C1C4D12B40020F360 = {
			isa = PBXGroup;
			children = (
				DC01D1D21C4D58930003748E /* FWSlideMenu.framework */,
				DCF8E9271C4D12B40020F360 /* FWSlideMenuDemoApp */,
				DCF8E9261C4D12B40020F360 /* Products */,
			);
			sourceTree = "<group>";
		};
		DCF8E9261C4D12B40020F360 /* Products */ = {
			isa = PBXGroup;
			children = (
				DCF8E9251C4D12B40020F360 /* FWSlideMenuDemoApp.app */,
			);
			name = Products;
			sourceTree = "<group>";
		};
		DCF8E9271C4D12B40020F360 /* FWSlideMenuDemoApp */ = {
			isa = PBXGroup;
			children = (
				DCF8E9281C4D12B40020F360 /* AppDelegate.swift */,
				DCF8E92A1C4D12B40020F360 /* ViewController.swift */,
				DC01D1DB1C4D8EBB0003748E /* ChildViewController.swift */,
				DCF8E92C1C4D12B40020F360 /* Main.storyboard */,
				DCF8E92F1C4D12B40020F360 /* Assets.xcassets */,
				DCF8E9311C4D12B40020F360 /* LaunchScreen.storyboard */,
				DCF8E9341C4D12B40020F360 /* Info.plist */,
			);
			name = FWSlideMenuDemoApp;
			path = FWSlideOverDemoApp;
			sourceTree = "<group>";
		};
/* End PBXGroup section */

/* Begin PBXNativeTarget section */
		DCF8E9241C4D12B40020F360 /* FWSlideMenuDemoApp */ = {
			isa = PBXNativeTarget;
			buildConfigurationList = DCF8E9371C4D12B40020F360 /* Build configuration list for PBXNativeTarget "FWSlideMenuDemoApp" */;
			buildPhases = (
				DCF8E9211C4D12B40020F360 /* Sources */,
				DCF8E9221C4D12B40020F360 /* Frameworks */,
				DCF8E9231C4D12B40020F360 /* Resources */,
				DC01D1D81C4D5FC00003748E /* Embed Frameworks */,
			);
			buildRules = (
			);
			dependencies = (
			);
			name = FWSlideMenuDemoApp;
			productName = FWSlideOverDemoApp;
			productReference = DCF8E9251C4D12B40020F360 /* FWSlideMenuDemoApp.app */;
			productType = "com.apple.product-type.application";
		};
/* End PBXNativeTarget section */

/* Begin PBXProject section */
		DCF8E91D1C4D12B40020F360 /* Project object */ = {
			isa = PBXProject;
			attributes = {
				LastSwiftUpdateCheck = 0720;
				LastUpgradeCheck = 0720;
				ORGANIZATIONNAME = "Felix Wehnert";
				TargetAttributes = {
					DCF8E9241C4D12B40020F360 = {
						CreatedOnToolsVersion = 7.2;
					};
				};
			};
			buildConfigurationList = DCF8E9201C4D12B40020F360 /* Build configuration list for PBXProject "FWSlideMenuDemoApp" */;
			compatibilityVersion = "Xcode 3.2";
			developmentRegion = English;
			hasScannedForEncodings = 0;
			knownRegions = (
				en,
				Base,
			);
			mainGroup = DCF8E91C1C4D12B40020F360;
			productRefGroup = DCF8E9261C4D12B40020F360 /* Products */;
			projectDirPath = "";
			projectRoot = "";
			targets = (
				DCF8E9241C4D12B40020F360 /* FWSlideMenuDemoApp */,
			);
		};
/* End PBXProject section */

/* Begin PBXResourcesBuildPhase section */
		DCF8E9231C4D12B40020F360 /* Resources */ = {
			isa = PBXResourcesBuildPhase;
			buildActionMask = 2147483647;
			files = (
				DCF8E9331C4D12B40020F360 /* LaunchScreen.storyboard in Resources */,
				DCF8E9301C4D12B40020F360 /* Assets.xcassets in Resources */,
				DCF8E92E1C4D12B40020F360 /* Main.storyboard in Resources */,
			);
			runOnlyForDeploymentPostprocessing = 0;
		};
/* End PBXResourcesBuildPhase section */

/* Begin PBXSourcesBuildPhase section */
		DCF8E9211C4D12B40020F360 /* Sources */ = {
			isa = PBXSourcesBuildPhase;
			buildActionMask = 2147483647;
			files = (
				DCF8E92B1C4D12B40020F360 /* ViewController.swift in Sources */,
				DC01D1DC1C4D8EBB0003748E /* ChildViewController.swift in Sources */,
				DCF8E9291C4D12B40020F360 /* AppDelegate.swift in Sources */,
			);
			runOnlyForDeploymentPostprocessing = 0;
		};
/* End PBXSourcesBuildPhase section */

/* Begin PBXVariantGroup section */
		DCF8E92C1C4D12B40020F360 /* Main.storyboard */ = {
			isa = PBXVariantGroup;
			children = (
				DCF8E92D1C4D12B40020F360 /* Base */,
			);
			name = Main.storyboard;
			sourceTree = "<group>";
		};
		DCF8E9311C4D12B40020F360 /* LaunchScreen.storyboard */ = {
			isa = PBXVariantGroup;
			children = (
				DCF8E9321C4D12B40020F360 /* Base */,
			);
			name = LaunchScreen.storyboard;
			sourceTree = "<group>";
		};
/* End PBXVariantGroup section */

/* Begin XCBuildConfiguration section */
		DCF8E9351C4D12B40020F360 /* Debug */ = {
			isa = XCBuildConfiguration;
			buildSettings = {
				ALWAYS_SEARCH_USER_PATHS = NO;
				CLANG_CXX_LANGUAGE_STANDARD = "gnu++0x";
				CLANG_CXX_LIBRARY = "libc++";
				CLANG_ENABLE_MODULES = YES;
				CLANG_ENABLE_OBJC_ARC = YES;
				CLANG_WARN_BOOL_CONVERSION = YES;
				CLANG_WARN_CONSTANT_CONVERSION = YES;
				CLANG_WARN_DIRECT_OBJC_ISA_USAGE = YES_ERROR;
				CLANG_WARN_EMPTY_BODY = YES;
				CLANG_WARN_ENUM_CONVERSION = YES;
				CLANG_WARN_INT_CONVERSION = YES;
				CLANG_WARN_OBJC_ROOT_CLASS = YES_ERROR;
				CLANG_WARN_UNREACHABLE_CODE = YES;
				CLANG_WARN__DUPLICATE_METHOD_MATCH = YES;
				"CODE_SIGN_IDENTITY[sdk=iphoneos*]" = "iPhone Developer";
				COPY_PHASE_STRIP = NO;
				DEBUG_INFORMATION_FORMAT = dwarf;
				ENABLE_STRICT_OBJC_MSGSEND = YES;
				ENABLE_TESTABILITY = YES;
				GCC_C_LANGUAGE_STANDARD = gnu99;
				GCC_DYNAMIC_NO_PIC = NO;
				GCC_NO_COMMON_BLOCKS = YES;
				GCC_OPTIMIZATION_LEVEL = 0;
				GCC_PREPROCESSOR_DEFINITIONS = (
					"DEBUG=1",
					"$(inherited)",
				);
				GCC_WARN_64_TO_32_BIT_CONVERSION = YES;
				GCC_WARN_ABOUT_RETURN_TYPE = YES_ERROR;
				GCC_WARN_UNDECLARED_SELECTOR = YES;
				GCC_WARN_UNINITIALIZED_AUTOS = YES_AGGRESSIVE;
				GCC_WARN_UNUSED_FUNCTION = YES;
				GCC_WARN_UNUSED_VARIABLE = YES;
				IPHONEOS_DEPLOYMENT_TARGET = 9.2;
				MTL_ENABLE_DEBUG_INFO = YES;
				ONLY_ACTIVE_ARCH = YES;
				SDKROOT = iphoneos;
				SWIFT_OPTIMIZATION_LEVEL = "-Onone";
			};
			name = Debug;
		};
		DCF8E9361C4D12B40020F360 /* Release */ = {
			isa = XCBuildConfiguration;
			buildSettings = {
				ALWAYS_SEARCH_USER_PATHS = NO;
				CLANG_CXX_LANGUAGE_STANDARD = "gnu++0x";
				CLANG_CXX_LIBRARY = "libc++";
				CLANG_ENABLE_MODULES = YES;
				CLANG_ENABLE_OBJC_ARC = YES;
				CLANG_WARN_BOOL_CONVERSION = YES;
				CLANG_WARN_CONSTANT_CONVERSION = YES;
				CLANG_WARN_DIRECT_OBJC_ISA_USAGE = YES_ERROR;
				CLANG_WARN_EMPTY_BODY = YES;
				CLANG_WARN_ENUM_CONVERSION = YES;
				CLANG_WARN_INT_CONVERSION = YES;
				CLANG_WARN_OBJC_ROOT_CLASS = YES_ERROR;
				CLANG_WARN_UNREACHABLE_CODE = YES;
				CLANG_WARN__DUPLICATE_METHOD_MATCH = YES;
				"CODE_SIGN_IDENTITY[sdk=iphoneos*]" = "iPhone Developer";
				COPY_PHASE_STRIP = NO;
				DEBUG_INFORMATION_FORMAT = "dwarf-with-dsym";
				ENABLE_NS_ASSERTIONS = NO;
				ENABLE_STRICT_OBJC_MSGSEND = YES;
				GCC_C_LANGUAGE_STANDARD = gnu99;
				GCC_NO_COMMON_BLOCKS = YES;
				GCC_WARN_64_TO_32_BIT_CONVERSION = YES;
				GCC_WARN_ABOUT_RETURN_TYPE = YES_ERROR;
				GCC_WARN_UNDECLARED_SELECTOR = YES;
				GCC_WARN_UNINITIALIZED_AUTOS = YES_AGGRESSIVE;
				GCC_WARN_UNUSED_FUNCTION = YES;
				GCC_WARN_UNUSED_VARIABLE = YES;
				IPHONEOS_DEPLOYMENT_TARGET = 9.2;
				MTL_ENABLE_DEBUG_INFO = NO;
				SDKROOT = iphoneos;
				VALIDATE_PRODUCT = YES;
			};
			name = Release;
		};
		DCF8E9381C4D12B40020F360 /* Debug */ = {
			isa = XCBuildConfiguration;
			buildSettings = {
				ASSETCATALOG_COMPILER_APPICON_NAME = AppIcon;
				FRAMEWORK_SEARCH_PATHS = "";
				INFOPLIST_FILE = FWSlideOverDemoApp/Info.plist;
				LD_RUNPATH_SEARCH_PATHS = "$(inherited) @executable_path/Frameworks";
				PRODUCT_BUNDLE_IDENTIFIER = me.wehnert.felix.FWSlideMenuDemoApp;
				PRODUCT_NAME = FWSlideMenuDemoApp;
			};
			name = Debug;
		};
		DCF8E9391C4D12B40020F360 /* Release */ = {
			isa = XCBuildConfiguration;
			buildSettings = {
				ASSETCATALOG_COMPILER_APPICON_NAME = AppIcon;
				FRAMEWORK_SEARCH_PATHS = "";
				INFOPLIST_FILE = FWSlideOverDemoApp/Info.plist;
				LD_RUNPATH_SEARCH_PATHS = "$(inherited) @executable_path/Frameworks";
				PRODUCT_BUNDLE_IDENTIFIER = me.wehnert.felix.FWSlideMenuDemoApp;
				PRODUCT_NAME = FWSlideMenuDemoApp;
			};
			name = Release;
		};
/* End XCBuildConfiguration section */

/* Begin XCConfigurationList section */
		DCF8E9201C4D12B40020F360 /* Build configuration list for PBXProject "FWSlideMenuDemoApp" */ = {
			isa = XCConfigurationList;
			buildConfigurations = (
				DCF8E9351C4D12B40020F360 /* Debug */,
				DCF8E9361C4D12B40020F360 /* Release */,
			);
			defaultConfigurationIsVisible = 0;
			defaultConfigurationName = Release;
		};
		DCF8E9371C4D12B40020F360 /* Build configuration list for PBXNativeTarget "FWSlideMenuDemoApp" */ = {
			isa = XCConfigurationList;
			buildConfigurations = (
				DCF8E9381C4D12B40020F360 /* Debug */,
				DCF8E9391C4D12B40020F360 /* Release */,
			);
			defaultConfigurationIsVisible = 0;
			defaultConfigurationName = Release;
		};
/* End XCConfigurationList section */
	};
	rootObject = DCF8E91D1C4D12B40020F360 /* Project object */;
}
